
Microsoft Visual Studio Solution File, Format Version 12.00
# Visual Studio Version 17
VisualStudioVersion = 17.6.33927.249
MinimumVisualStudioVersion = 10.0.40219.1
Project("{FAE04EC0-301F-11D3-BF4B-00C04F79EFBC}") = "IdentityServer", "IdentityServer\IdentityServer.csproj", "{54FF46B5-D37B-40FC-9245-C0A00BEBF569}"
EndProject
Project("{FAE04EC0-301F-11D3-BF4B-00C04F79EFBC}") = "IdentityServer4PortApi", "IdentityServer4PortApi\IdentityServer4PortApi.csproj", "{7D28CD33-0A60-46E3-BAFE-0ADE1B70AD40}"
EndProject
Project("{FAE04EC0-301F-11D3-BF4B-00C04F79EFBC}") = "IdentityServer4PortConsoleClient", "IdentityServer4PortConsoleClient\IdentityServer4PortConsoleClient.csproj", "{65F9BE3B-F5D6-4364-AA49-26BA7BAB7DBE}"
EndProject
Project("{2150E333-8FDC-42A3-9474-1A3956D46DE8}") = "Docs", "Docs", "{C77E2E59-AF2E-4703-BAF0-D48F2FAC6F58}"
	ProjectSection(SolutionItems) = preProject
		README.md = README.md
	EndProjectSection
EndProject
Global
	GlobalSection(SolutionConfigurationPlatforms) = preSolution
		Debug|Any CPU = Debug|Any CPU
		Release|Any CPU = Release|Any CPU
	EndGlobalSection
	GlobalSection(ProjectConfigurationPlatforms) = postSolution
		{54FF46B5-D37B-40FC-9245-C0A00BEBF569}.Debug|Any CPU.ActiveCfg = Debug|Any CPU
		{54FF46B5-D37B-40FC-9245-C0A00BEBF569}.Debug|Any CPU.Build.0 = Debug|Any CPU
		{54FF46B5-D37B-40FC-9245-C0A00BEBF569}.Release|Any CPU.ActiveCfg = Release|Any CPU
		{54FF46B5-D37B-40FC-9245-C0A00BEBF569}.Release|Any CPU.Build.0 = Release|Any CPU
		{7D28CD33-0A60-46E3-BAFE-0ADE1B70AD40}.Debug|Any CPU.ActiveCfg = Debug|Any CPU
		{7D28CD33-0A60-46E3-BAFE-0ADE1B70AD40}.Debug|Any CPU.Build.0 = Debug|Any CPU
		{7D28CD33-0A60-46E3-BAFE-0ADE1B70AD40}.Release|Any CPU.ActiveCfg = Release|Any CPU
		{7D28CD33-0A60-46E3-BAFE-0ADE1B70AD40}.Release|Any CPU.Build.0 = Release|Any CPU
		{65F9BE3B-F5D6-4364-AA49-26BA7BAB7DBE}.Debug|Any CPU.ActiveCfg = Debug|Any CPU
		{65F9BE3B-F5D6-4364-AA49-26BA7BAB7DBE}.Debug|Any CPU.Build.0 = Debug|Any CPU
		{65F9BE3B-F5D6-4364-AA49-26BA7BAB7DBE}.Release|Any CPU.ActiveCfg = Release|Any CPU
		{65F9BE3B-F5D6-4364-AA49-26BA7BAB7DBE}.Release|Any CPU.Build.0 = Release|Any CPU
	EndGlobalSection
	GlobalSection(SolutionProperties) = preSolution
		HideSolutionNode = FALSE
	EndGlobalSection
	GlobalSection(ExtensibilityGlobals) = postSolution
		SolutionGuid = {136E932E-1CF2-4C0D-99DB-633F69FA6E55}
	EndGlobalSection
EndGlobal
